PODS:
  - InStatDownloadButton (1.2.2)
  - InStatEventlistView (2.1.2):
    - InStatDownloadButton

DEPENDENCIES:
  - InStatDownloadButton (from `https://github.com/mpkupriyanov/InStatDownloadButton.git`)
  - InStatEventlistView (from `../`)

EXTERNAL SOURCES:
  InStatDownloadButton:
    :git: https://github.com/mpkupriyanov/InStatDownloadButton.git
  InStatEventlistView:
    :path: "../"

CHECKOUT OPTIONS:
  InStatDownloadButton:
    :commit: b46e4089a06b3176611d12f595737e4c611626ab
    :git: https://github.com/mpkupriyanov/InStatDownloadButton.git

SPEC CHECKSUMS:
  InStatDownloadButton: f1a2e8669701accf7d0170b94405d019a73ec77e
  InStatEventlistView: e9a8b7107cb757d2ca0712f1c8567b8140b84510

PODFILE CHECKSUM: 73fd72fe7f35cb0c92fe3ed0f91d15808fc31976

COCOAPODS: 1.6.1
