PODS:
  - InStatDownloadButton (1.1.0)
  - InStatEventlistView (2.0.0):
    - InStatDownloadButton

DEPENDENCIES:
  - InStatDownloadButton
  - InStatEventlistView (from `../`)

SPEC REPOS:
  https://github.com/cocoapods/specs.git:
    - InStatDownloadButton

EXTERNAL SOURCES:
  InStatEventlistView:
    :path: "../"

SPEC CHECKSUMS:
  InStatDownloadButton: b594c1d5b0e90d9cc2e9fd1b6181668ca2d2618c
  InStatEventlistView: 690dbc2bad36d6683ce0a6852a044448ea688428

PODFILE CHECKSUM: 5b75327b1c8c19426f794e040ac325cde43a1e78

COCOAPODS: 1.6.0
